
Microsoft Visual Studio Solution File, Format Version 12.00
# Visual Studio Version 17
VisualStudioVersion = 17.11.35312.102
MinimumVisualStudioVersion = 10.0.40219.1
Project("{FAE04EC0-301F-11D3-BF4B-00C04F79EFBC}") = "SpecimenCheckIn.Api", "SpecimenCheckIn.Api\SpecimenCheckIn.Api.csproj", "{7BE481E2-01FC-4FA2-B05C-E5DF86085ED6}"
EndProject
Global
	GlobalSection(SolutionConfigurationPlatforms) = preSolution
		Debug|Any CPU = Debug|Any CPU
		Release|Any CPU = Release|Any CPU
	EndGlobalSection
	GlobalSection(ProjectConfigurationPlatforms) = postSolution
		{7BE481E2-01FC-4FA2-B05C-E5DF86085ED6}.Debug|Any CPU.ActiveCfg = Debug|Any CPU
		{7BE481E2-01FC-4FA2-B05C-E5DF86085ED6}.Debug|Any CPU.Build.0 = Debug|Any CPU
		{7BE481E2-01FC-4FA2-B05C-E5DF86085ED6}.Release|Any CPU.ActiveCfg = Release|Any CPU
		{7BE481E2-01FC-4FA2-B05C-E5DF86085ED6}.Release|Any CPU.Build.0 = Release|Any CPU
	EndGlobalSection
	GlobalSection(SolutionProperties) = preSolution
		HideSolutionNode = FALSE
	EndGlobalSection
	GlobalSection(ExtensibilityGlobals) = postSolution
		SolutionGuid = {99B837C3-A0FC-44FC-B420-DB75E1FBBC8E}
	EndGlobalSection
EndGlobal
